
Microsoft Visual Studio Solution File, Format Version 12.00
# Visual Studio Version 17
VisualStudioVersion = 17.12.35527.113 d17.12
MinimumVisualStudioVersion = 10.0.40219.1
Project("{FAE04EC0-301F-11D3-BF4B-00C04F79EFBC}") = "Hairdresser.UI", "Hairdresser.UI\Hairdresser.UI.csproj", "{FA4E0A31-5C50-40CA-B967-930FD6B21CAC}"
EndProject
Global
	GlobalSection(SolutionConfigurationPlatforms) = preSolution
		Debug|Any CPU = Debug|Any CPU
		Release|Any CPU = Release|Any CPU
	EndGlobalSection
	GlobalSection(ProjectConfigurationPlatforms) = postSolution
		{FA4E0A31-5C50-40CA-B967-930FD6B21CAC}.Debug|Any CPU.ActiveCfg = Debug|Any CPU
		{FA4E0A31-5C50-40CA-B967-930FD6B21CAC}.Debug|Any CPU.Build.0 = Debug|Any CPU
		{FA4E0A31-5C50-40CA-B967-930FD6B21CAC}.Release|Any CPU.ActiveCfg = Release|Any CPU
		{FA4E0A31-5C50-40CA-B967-930FD6B21CAC}.Release|Any CPU.Build.0 = Release|Any CPU
	EndGlobalSection
	GlobalSection(SolutionProperties) = preSolution
		HideSolutionNode = FALSE
	EndGlobalSection
EndGlobal
